
Microsoft Visual Studio Solution File, Format Version 12.00
# Visual Studio 15
VisualStudioVersion = 15.0.28307.1585
MinimumVisualStudioVersion = 10.0.40219.1
Project("{FAE04EC0-301F-11D3-BF4B-00C04F79EFBC}") = "SE4FormApplication", "SE4FormApplication\SE4FormApplication.csproj", "{A7C1732B-A046-463E-A28B-31C81A9B6CCC}"
EndProject
Global
	GlobalSection(SolutionConfigurationPlatforms) = preSolution
		Debug|Any CPU = Debug|Any CPU
		Release|Any CPU = Release|Any CPU
	EndGlobalSection
	GlobalSection(ProjectConfigurationPlatforms) = postSolution
		{A7C1732B-A046-463E-A28B-31C81A9B6CCC}.Debug|Any CPU.ActiveCfg = Debug|Any CPU
		{A7C1732B-A046-463E-A28B-31C81A9B6CCC}.Debug|Any CPU.Build.0 = Debug|Any CPU
		{A7C1732B-A046-463E-A28B-31C81A9B6CCC}.Release|Any CPU.ActiveCfg = Release|Any CPU
		{A7C1732B-A046-463E-A28B-31C81A9B6CCC}.Release|Any CPU.Build.0 = Release|Any CPU
	EndGlobalSection
	GlobalSection(SolutionProperties) = preSolution
		HideSolutionNode = FALSE
	EndGlobalSection
	GlobalSection(ExtensibilityGlobals) = postSolution
		SolutionGuid = {D3AE0BE6-B99E-4DD3-8155-38B118C4BC2D}
	EndGlobalSection
EndGlobal
